
Microsoft Visual Studio Solution File, Format Version 12.00
Project("{FAE04EC0-301F-11D3-BF4B-00C04F79EFBC}") = "FlagCommander", "src\FlagCommander\FlagCommander.csproj", "{8460674D-D078-4619-8BE5-E0A69D26E9BF}"
EndProject
Project("{FAE04EC0-301F-11D3-BF4B-00C04F79EFBC}") = "FlagCommander.Persistence", "src\FlagCommander.Persistence\FlagCommander.Persistence.csproj", "{F1A24669-9203-4D11-98C0-33E8E6C38A5C}"
EndProject
Project("{2150E333-8FDC-42A3-9474-1A3956D46DE8}") = "Tests", "Tests", "{CE5B1913-997C-4D81-AC26-764649F81A0E}"
EndProject
Project("{FAE04EC0-301F-11D3-BF4B-00C04F79EFBC}") = "FlagCommander.Persistence.Test", "tests\FlagCommander.Persistence.Test\FlagCommander.Persistence.Test.csproj", "{6C699E2F-6B3E-4D02-9A90-48317B06F7EA}"
EndProject
Project("{FAE04EC0-301F-11D3-BF4B-00C04F79EFBC}") = "FlagCommander.Tests", "tests\FlagCommander.Tests\FlagCommander.Tests.csproj", "{1C939CC7-3077-4DAE-A4FC-5CA023189041}"
EndProject
Project("{FAE04EC0-301F-11D3-BF4B-00C04F79EFBC}") = "FlagCommanderRealAppTest", "tests\FlagCommanderRealAppTest\FlagCommanderRealAppTest.csproj", "{5B2B40EB-DF53-4139-AB5E-421931E89EFF}"
EndProject
Project("{FAE04EC0-301F-11D3-BF4B-00C04F79EFBC}") = "FlagCommander.UI", "src\FlagCommander.UI\FlagCommander.UI.csproj", "{8F6B3B91-4A65-47E7-B94B-3E2195369BB7}"
EndProject
Global
	GlobalSection(SolutionConfigurationPlatforms) = preSolution
		Debug|Any CPU = Debug|Any CPU
		Release|Any CPU = Release|Any CPU
	EndGlobalSection
	GlobalSection(ProjectConfigurationPlatforms) = postSolution
		{8460674D-D078-4619-8BE5-E0A69D26E9BF}.Debug|Any CPU.ActiveCfg = Debug|Any CPU
		{8460674D-D078-4619-8BE5-E0A69D26E9BF}.Debug|Any CPU.Build.0 = Debug|Any CPU
		{8460674D-D078-4619-8BE5-E0A69D26E9BF}.Release|Any CPU.ActiveCfg = Release|Any CPU
		{8460674D-D078-4619-8BE5-E0A69D26E9BF}.Release|Any CPU.Build.0 = Release|Any CPU
		{F1A24669-9203-4D11-98C0-33E8E6C38A5C}.Debug|Any CPU.ActiveCfg = Debug|Any CPU
		{F1A24669-9203-4D11-98C0-33E8E6C38A5C}.Debug|Any CPU.Build.0 = Debug|Any CPU
		{F1A24669-9203-4D11-98C0-33E8E6C38A5C}.Release|Any CPU.ActiveCfg = Release|Any CPU
		{F1A24669-9203-4D11-98C0-33E8E6C38A5C}.Release|Any CPU.Build.0 = Release|Any CPU
		{6C699E2F-6B3E-4D02-9A90-48317B06F7EA}.Debug|Any CPU.ActiveCfg = Debug|Any CPU
		{6C699E2F-6B3E-4D02-9A90-48317B06F7EA}.Debug|Any CPU.Build.0 = Debug|Any CPU
		{6C699E2F-6B3E-4D02-9A90-48317B06F7EA}.Release|Any CPU.ActiveCfg = Release|Any CPU
		{6C699E2F-6B3E-4D02-9A90-48317B06F7EA}.Release|Any CPU.Build.0 = Release|Any CPU
		{1C939CC7-3077-4DAE-A4FC-5CA023189041}.Debug|Any CPU.ActiveCfg = Debug|Any CPU
		{1C939CC7-3077-4DAE-A4FC-5CA023189041}.Debug|Any CPU.Build.0 = Debug|Any CPU
		{1C939CC7-3077-4DAE-A4FC-5CA023189041}.Release|Any CPU.ActiveCfg = Release|Any CPU
		{1C939CC7-3077-4DAE-A4FC-5CA023189041}.Release|Any CPU.Build.0 = Release|Any CPU
		{5B2B40EB-DF53-4139-AB5E-421931E89EFF}.Debug|Any CPU.ActiveCfg = Debug|Any CPU
		{5B2B40EB-DF53-4139-AB5E-421931E89EFF}.Debug|Any CPU.Build.0 = Debug|Any CPU
		{5B2B40EB-DF53-4139-AB5E-421931E89EFF}.Release|Any CPU.ActiveCfg = Release|Any CPU
		{5B2B40EB-DF53-4139-AB5E-421931E89EFF}.Release|Any CPU.Build.0 = Release|Any CPU
		{8F6B3B91-4A65-47E7-B94B-3E2195369BB7}.Debug|Any CPU.ActiveCfg = Debug|Any CPU
		{8F6B3B91-4A65-47E7-B94B-3E2195369BB7}.Debug|Any CPU.Build.0 = Debug|Any CPU
		{8F6B3B91-4A65-47E7-B94B-3E2195369BB7}.Release|Any CPU.ActiveCfg = Release|Any CPU
		{8F6B3B91-4A65-47E7-B94B-3E2195369BB7}.Release|Any CPU.Build.0 = Release|Any CPU
	EndGlobalSection
	GlobalSection(NestedProjects) = preSolution
		{6C699E2F-6B3E-4D02-9A90-48317B06F7EA} = {CE5B1913-997C-4D81-AC26-764649F81A0E}
		{1C939CC7-3077-4DAE-A4FC-5CA023189041} = {CE5B1913-997C-4D81-AC26-764649F81A0E}
		{5B2B40EB-DF53-4139-AB5E-421931E89EFF} = {CE5B1913-997C-4D81-AC26-764649F81A0E}
	EndGlobalSection
EndGlobal
